
Microsoft Visual Studio Solution File, Format Version 12.00
# Visual Studio Version 17
VisualStudioVersion = 17.13.35818.85 d17.13
MinimumVisualStudioVersion = 10.0.40219.1
Project("{FAE04EC0-301F-11D3-BF4B-00C04F79EFBC}") = "Administrator.Api", "Administrator\Administrator.Api.csproj", "{8D8063B5-D628-439B-B016-CD636CED3180}"
EndProject
Project("{FAE04EC0-301F-11D3-BF4B-00C04F79EFBC}") = "Administrator.Application", "Administrator.Application\Administrator.Application.csproj", "{ECA7C236-DBE8-4FCC-8B1D-AC98F445425B}"
EndProject
Project("{FAE04EC0-301F-11D3-BF4B-00C04F79EFBC}") = "Admistrator.Communication", "Admistrator.Communication\Admistrator.Communication.csproj", "{44A2B13B-67A4-4239-81A6-66EA22AC128D}"
EndProject
Global
	GlobalSection(SolutionConfigurationPlatforms) = preSolution
		Debug|Any CPU = Debug|Any CPU
		Release|Any CPU = Release|Any CPU
	EndGlobalSection
	GlobalSection(ProjectConfigurationPlatforms) = postSolution
		{8D8063B5-D628-439B-B016-CD636CED3180}.Debug|Any CPU.ActiveCfg = Debug|Any CPU
		{8D8063B5-D628-439B-B016-CD636CED3180}.Debug|Any CPU.Build.0 = Debug|Any CPU
		{8D8063B5-D628-439B-B016-CD636CED3180}.Release|Any CPU.ActiveCfg = Release|Any CPU
		{8D8063B5-D628-439B-B016-CD636CED3180}.Release|Any CPU.Build.0 = Release|Any CPU
		{ECA7C236-DBE8-4FCC-8B1D-AC98F445425B}.Debug|Any CPU.ActiveCfg = Debug|Any CPU
		{ECA7C236-DBE8-4FCC-8B1D-AC98F445425B}.Debug|Any CPU.Build.0 = Debug|Any CPU
		{ECA7C236-DBE8-4FCC-8B1D-AC98F445425B}.Release|Any CPU.ActiveCfg = Release|Any CPU
		{ECA7C236-DBE8-4FCC-8B1D-AC98F445425B}.Release|Any CPU.Build.0 = Release|Any CPU
		{44A2B13B-67A4-4239-81A6-66EA22AC128D}.Debug|Any CPU.ActiveCfg = Debug|Any CPU
		{44A2B13B-67A4-4239-81A6-66EA22AC128D}.Debug|Any CPU.Build.0 = Debug|Any CPU
		{44A2B13B-67A4-4239-81A6-66EA22AC128D}.Release|Any CPU.ActiveCfg = Release|Any CPU
		{44A2B13B-67A4-4239-81A6-66EA22AC128D}.Release|Any CPU.Build.0 = Release|Any CPU
	EndGlobalSection
	GlobalSection(SolutionProperties) = preSolution
		HideSolutionNode = FALSE
	EndGlobalSection
	GlobalSection(ExtensibilityGlobals) = postSolution
		SolutionGuid = {4C5B8FB9-3C95-493E-B306-F45FC824687E}
	EndGlobalSection
EndGlobal
